
Microsoft Visual Studio Solution File, Format Version 12.00
# Visual Studio Version 17
VisualStudioVersion = 17.14.36401.2 d17.14
MinimumVisualStudioVersion = 10.0.40219.1
Project("{FAE04EC0-301F-11D3-BF4B-00C04F79EFBC}") = "PuntoCuatroSQLite", "PuntoCuatroSQLite\PuntoCuatroSQLite.csproj", "{7B830CE0-037B-45A6-ADED-D43D2181C56F}"

EndProject
Global
	GlobalSection(SolutionConfigurationPlatforms) = preSolution
		Debug|Any CPU = Debug|Any CPU
		Release|Any CPU = Release|Any CPU
	EndGlobalSection
	GlobalSection(ProjectConfigurationPlatforms) = postSolution
		{7B830CE0-037B-45A6-ADED-D43D2181C56F}.Debug|Any CPU.ActiveCfg = Debug|Any CPU
		{7B830CE0-037B-45A6-ADED-D43D2181C56F}.Debug|Any CPU.Build.0 = Debug|Any CPU
		{7B830CE0-037B-45A6-ADED-D43D2181C56F}.Release|Any CPU.ActiveCfg = Release|Any CPU
		{7B830CE0-037B-45A6-ADED-D43D2181C56F}.Release|Any CPU.Build.0 = Release|Any CPU
	EndGlobalSection
	GlobalSection(SolutionProperties) = preSolution
		HideSolutionNode = FALSE
	EndGlobalSection
	GlobalSection(ExtensibilityGlobals) = postSolution
		SolutionGuid = {5FD9FA8C-5CE8-48C0-8781-4FD2CA02135B}
	EndGlobalSection
EndGlobal
